// !$*UTF8*$!
{
	archiveVersion = 1;
	classes = {
	};
	objectVersion = 55;
	objects = {

/* Begin PBXBuildFile section */
		C8E12BEE281AEDFB00F8FB21 /* File.swift in Sources */ = {isa = PBXBuildFile; fileRef = C8E12BED281AEDFB00F8FB21 /* File.swift */; };
		C8E12BF0281AF1F600F8FB21 /* File2.swift in Sources */ = {isa = PBXBuildFile; fileRef = C8E12BEF281AF1F600F8FB21 /* File2.swift */; };
		C8E12BF8281AF24100F8FB21 /* HomePresenter.swift in Sources */ = {isa = PBXBuildFile; fileRef = C8E12BF1281AF24100F8FB21 /* HomePresenter.swift */; };
		C8E12BF9281AF24100F8FB21 /* HomeLocalDataManager.swift in Sources */ = {isa = PBXBuildFile; fileRef = C8E12BF2281AF24100F8FB21 /* HomeLocalDataManager.swift */; };
		C8E12BFA281AF24100F8FB21 /* HomeProtocols.swift in Sources */ = {isa = PBXBuildFile; fileRef = C8E12BF3281AF24100F8FB21 /* HomeProtocols.swift */; };
		C8E12BFB281AF24100F8FB21 /* HomeInteractor.swift in Sources */ = {isa = PBXBuildFile; fileRef = C8E12BF4281AF24100F8FB21 /* HomeInteractor.swift */; };
		C8E12BFC281AF24100F8FB21 /* HomeView.swift in Sources */ = {isa = PBXBuildFile; fileRef = C8E12BF5281AF24100F8FB21 /* HomeView.swift */; };
		C8E12BFD281AF24100F8FB21 /* HomeRemoteDataManager.swift in Sources */ = {isa = PBXBuildFile; fileRef = C8E12BF6281AF24100F8FB21 /* HomeRemoteDataManager.swift */; };
		C8E12BFE281AF24100F8FB21 /* HomeWireFrame.swift in Sources */ = {isa = PBXBuildFile; fileRef = C8E12BF7281AF24100F8FB21 /* HomeWireFrame.swift */; };
		D0FA12C2281A25480044405E /* AppDelegate.swift in Sources */ = {isa = PBXBuildFile; fileRef = D0FA12C1281A25480044405E /* AppDelegate.swift */; };
		D0FA12C4281A25480044405E /* SceneDelegate.swift in Sources */ = {isa = PBXBuildFile; fileRef = D0FA12C3281A25480044405E /* SceneDelegate.swift */; };
		D0FA12C6281A25480044405E /* ViewController.swift in Sources */ = {isa = PBXBuildFile; fileRef = D0FA12C5281A25480044405E /* ViewController.swift */; };
		D0FA12C9281A25480044405E /* Main.storyboard in Resources */ = {isa = PBXBuildFile; fileRef = D0FA12C7281A25480044405E /* Main.storyboard */; };
		D0FA12CC281A25480044405E /* E_commerceMac.xcdatamodeld in Sources */ = {isa = PBXBuildFile; fileRef = D0FA12CA281A25480044405E /* E_commerceMac.xcdatamodeld */; };
		D0FA12CE281A254A0044405E /* Assets.xcassets in Resources */ = {isa = PBXBuildFile; fileRef = D0FA12CD281A254A0044405E /* Assets.xcassets */; };
		D0FA12D1281A254A0044405E /* LaunchScreen.storyboard in Resources */ = {isa = PBXBuildFile; fileRef = D0FA12CF281A254A0044405E /* LaunchScreen.storyboard */; };
/* End PBXBuildFile section */

/* Begin PBXFileReference section */
		C8E12BED281AEDFB00F8FB21 /* File.swift */ = {isa = PBXFileReference; lastKnownFileType = sourcecode.swift; path = File.swift; sourceTree = "<group>"; };
		C8E12BEF281AF1F600F8FB21 /* File2.swift */ = {isa = PBXFileReference; lastKnownFileType = sourcecode.swift; path = File2.swift; sourceTree = "<group>"; };
		C8E12BF1281AF24100F8FB21 /* HomePresenter.swift */ = {isa = PBXFileReference; lastKnownFileType = sourcecode.swift; path = HomePresenter.swift; sourceTree = "<group>"; };
		C8E12BF2281AF24100F8FB21 /* HomeLocalDataManager.swift */ = {isa = PBXFileReference; lastKnownFileType = sourcecode.swift; path = HomeLocalDataManager.swift; sourceTree = "<group>"; };
		C8E12BF3281AF24100F8FB21 /* HomeProtocols.swift */ = {isa = PBXFileReference; lastKnownFileType = sourcecode.swift; path = HomeProtocols.swift; sourceTree = "<group>"; };
		C8E12BF4281AF24100F8FB21 /* HomeInteractor.swift */ = {isa = PBXFileReference; lastKnownFileType = sourcecode.swift; path = HomeInteractor.swift; sourceTree = "<group>"; };
		C8E12BF5281AF24100F8FB21 /* HomeView.swift */ = {isa = PBXFileReference; lastKnownFileType = sourcecode.swift; path = HomeView.swift; sourceTree = "<group>"; };
		C8E12BF6281AF24100F8FB21 /* HomeRemoteDataManager.swift */ = {isa = PBXFileReference; lastKnownFileType = sourcecode.swift; path = HomeRemoteDataManager.swift; sourceTree = "<group>"; };
		C8E12BF7281AF24100F8FB21 /* HomeWireFrame.swift */ = {isa = PBXFileReference; lastKnownFileType = sourcecode.swift; path = HomeWireFrame.swift; sourceTree = "<group>"; };
		D0FA12BE281A25480044405E /* E-commerceMac.app */ = {isa = PBXFileReference; explicitFileType = wrapper.application; includeInIndex = 0; path = "E-commerceMac.app"; sourceTree = BUILT_PRODUCTS_DIR; };
		D0FA12C1281A25480044405E /* AppDelegate.swift */ = {isa = PBXFileReference; lastKnownFileType = sourcecode.swift; path = AppDelegate.swift; sourceTree = "<group>"; };
		D0FA12C3281A25480044405E /* SceneDelegate.swift */ = {isa = PBXFileReference; lastKnownFileType = sourcecode.swift; path = SceneDelegate.swift; sourceTree = "<group>"; };
		D0FA12C5281A25480044405E /* ViewController.swift */ = {isa = PBXFileReference; lastKnownFileType = sourcecode.swift; path = ViewController.swift; sourceTree = "<group>"; };
		D0FA12C8281A25480044405E /* Base */ = {isa = PBXFileReference; lastKnownFileType = file.storyboard; name = Base; path = Base.lproj/Main.storyboard; sourceTree = "<group>"; };
		D0FA12CB281A25480044405E /* E_commerceMac.xcdatamodel */ = {isa = PBXFileReference; lastKnownFileType = wrapper.xcdatamodel; path = E_commerceMac.xcdatamodel; sourceTree = "<group>"; };
		D0FA12CD281A254A0044405E /* Assets.xcassets */ = {isa = PBXFileReference; lastKnownFileType = folder.assetcatalog; path = Assets.xcassets; sourceTree = "<group>"; };
		D0FA12D0281A254A0044405E /* Base */ = {isa = PBXFileReference; lastKnownFileType = file.storyboard; name = Base; path = Base.lproj/LaunchScreen.storyboard; sourceTree = "<group>"; };
		D0FA12D2281A254A0044405E /* Info.plist */ = {isa = PBXFileReference; lastKnownFileType = text.plist.xml; path = Info.plist; sourceTree = "<group>"; };
/* End PBXFileReference section */

/* Begin PBXFrameworksBuildPhase section */
		D0FA12BB281A25480044405E /* Frameworks */ = {
			isa = PBXFrameworksBuildPhase;
			buildActionMask = 2147483647;
			files = (
			);
			runOnlyForDeploymentPostprocessing = 0;
		};
/* End PBXFrameworksBuildPhase section */

/* Begin PBXGroup section */
		C8E12BFF281AF28200F8FB21 /* Views */ = {
			isa = PBXGroup;
			children = (
				C8E12BF5281AF24100F8FB21 /* HomeView.swift */,
				D0FA12C7281A25480044405E /* Main.storyboard */,
				D0FA12CF281A254A0044405E /* LaunchScreen.storyboard */,
			);
			path = Views;
			sourceTree = "<group>";
		};
		C8E12C00281AF2A500F8FB21 /* Home */ = {
			isa = PBXGroup;
			children = (
				C8E12BF1281AF24100F8FB21 /* HomePresenter.swift */,
				C8E12BF2281AF24100F8FB21 /* HomeLocalDataManager.swift */,
				C8E12BF3281AF24100F8FB21 /* HomeProtocols.swift */,
				C8E12BF4281AF24100F8FB21 /* HomeInteractor.swift */,
				C8E12BF6281AF24100F8FB21 /* HomeRemoteDataManager.swift */,
				C8E12BF7281AF24100F8FB21 /* HomeWireFrame.swift */,
				C8E12BFF281AF28200F8FB21 /* Views */,
			);
			path = Home;
			sourceTree = "<group>";
		};
		D0FA12B5281A25470044405E = {
			isa = PBXGroup;
			children = (
				D0FA12C0281A25480044405E /* E-commerceMac */,
				D0FA12BF281A25480044405E /* Products */,
			);
			sourceTree = "<group>";
		};
		D0FA12BF281A25480044405E /* Products */ = {
			isa = PBXGroup;
			children = (
				D0FA12BE281A25480044405E /* E-commerceMac.app */,
			);
			name = Products;
			sourceTree = "<group>";
		};
		D0FA12C0281A25480044405E /* E-commerceMac */ = {
			isa = PBXGroup;
			children = (
				C8E12C00281AF2A500F8FB21 /* Home */,
				C8E12BEF281AF1F600F8FB21 /* File2.swift */,
				D0FA12C1281A25480044405E /* AppDelegate.swift */,
				D0FA12C3281A25480044405E /* SceneDelegate.swift */,
				D0FA12C5281A25480044405E /* ViewController.swift */,
				D0FA12CD281A254A0044405E /* Assets.xcassets */,
				D0FA12D2281A254A0044405E /* Info.plist */,
				D0FA12CA281A25480044405E /* E_commerceMac.xcdatamodeld */,
				C8E12BED281AEDFB00F8FB21 /* File.swift */,
			);
			path = "E-commerceMac";
			sourceTree = "<group>";
		};
/* End PBXGroup section */

/* Begin PBXNativeTarget section */
		D0FA12BD281A25480044405E /* E-commerceMac */ = {
			isa = PBXNativeTarget;
			buildConfigurationList = D0FA12D5281A254A0044405E /* Build configuration list for PBXNativeTarget "E-commerceMac" */;
			buildPhases = (
				D0FA12BA281A25480044405E /* Sources */,
				D0FA12BB281A25480044405E /* Frameworks */,
				D0FA12BC281A25480044405E /* Resources */,
			);
			buildRules = (
			);
			dependencies = (
			);
			name = "E-commerceMac";
			productName = "E-commerceMac";
			productReference = D0FA12BE281A25480044405E /* E-commerceMac.app */;
			productType = "com.apple.product-type.application";
		};
/* End PBXNativeTarget section */

/* Begin PBXProject section */
		D0FA12B6281A25470044405E /* Project object */ = {
			isa = PBXProject;
			attributes = {
				BuildIndependentTargetsInParallel = 1;
				LastSwiftUpdateCheck = 1330;
				LastUpgradeCheck = 1330;
				TargetAttributes = {
					D0FA12BD281A25480044405E = {
						CreatedOnToolsVersion = 13.3.1;
					};
				};
			};
			buildConfigurationList = D0FA12B9281A25470044405E /* Build configuration list for PBXProject "E-commerceMac" */;
			compatibilityVersion = "Xcode 13.0";
			developmentRegion = en;
			hasScannedForEncodings = 0;
			knownRegions = (
				en,
				Base,
			);
			mainGroup = D0FA12B5281A25470044405E;
			productRefGroup = D0FA12BF281A25480044405E /* Products */;
			projectDirPath = "";
			projectRoot = "";
			targets = (
				D0FA12BD281A25480044405E /* E-commerceMac */,
			);
		};
/* End PBXProject section */

/* Begin PBXResourcesBuildPhase section */
		D0FA12BC281A25480044405E /* Resources */ = {
			isa = PBXResourcesBuildPhase;
			buildActionMask = 2147483647;
			files = (
				D0FA12D1281A254A0044405E /* LaunchScreen.storyboard in Resources */,
				D0FA12CE281A254A0044405E /* Assets.xcassets in Resources */,
				D0FA12C9281A25480044405E /* Main.storyboard in Resources */,
			);
			runOnlyForDeploymentPostprocessing = 0;
		};
/* End PBXResourcesBuildPhase section */

/* Begin PBXSourcesBuildPhase section */
		D0FA12BA281A25480044405E /* Sources */ = {
			isa = PBXSourcesBuildPhase;
			buildActionMask = 2147483647;
			files = (
				C8E12BFD281AF24100F8FB21 /* HomeRemoteDataManager.swift in Sources */,
				C8E12BF8281AF24100F8FB21 /* HomePresenter.swift in Sources */,
				C8E12BFE281AF24100F8FB21 /* HomeWireFrame.swift in Sources */,
				C8E12BEE281AEDFB00F8FB21 /* File.swift in Sources */,
				D0FA12C6281A25480044405E /* ViewController.swift in Sources */,
				C8E12BFB281AF24100F8FB21 /* HomeInteractor.swift in Sources */,
				D0FA12C2281A25480044405E /* AppDelegate.swift in Sources */,
				C8E12BFC281AF24100F8FB21 /* HomeView.swift in Sources */,
				C8E12BFA281AF24100F8FB21 /* HomeProtocols.swift in Sources */,
				D0FA12CC281A25480044405E /* E_commerceMac.xcdatamodeld in Sources */,
				C8E12BF0281AF1F600F8FB21 /* File2.swift in Sources */,
				C8E12BF9281AF24100F8FB21 /* HomeLocalDataManager.swift in Sources */,
				D0FA12C4281A25480044405E /* SceneDelegate.swift in Sources */,
			);
			runOnlyForDeploymentPostprocessing = 0;
		};
/* End PBXSourcesBuildPhase section */

/* Begin PBXVariantGroup section */
		D0FA12C7281A25480044405E /* Main.storyboard */ = {
			isa = PBXVariantGroup;
			children = (
				D0FA12C8281A25480044405E /* Base */,
			);
			name = Main.storyboard;
			sourceTree = "<group>";
		};
		D0FA12CF281A254A0044405E /* LaunchScreen.storyboard */ = {
			isa = PBXVariantGroup;
			children = (
				D0FA12D0281A254A0044405E /* Base */,
			);
			name = LaunchScreen.storyboard;
			sourceTree = "<group>";
		};
/* End PBXVariantGroup section */

/* Begin XCBuildConfiguration section */
		D0FA12D3281A254A0044405E /* Debug */ = {
			isa = XCBuildConfiguration;
			buildSettings = {
				ALWAYS_SEARCH_USER_PATHS = NO;
				CLANG_ANALYZER_NONNULL = YES;
				CLANG_ANALYZER_NUMBER_OBJECT_CONVERSION = YES_AGGRESSIVE;
				CLANG_CXX_LANGUAGE_STANDARD = "gnu++17";
				CLANG_ENABLE_MODULES = YES;
				CLANG_ENABLE_OBJC_ARC = YES;
				CLANG_ENABLE_OBJC_WEAK = YES;
				CLANG_WARN_BLOCK_CAPTURE_AUTORELEASING = YES;
				CLANG_WARN_BOOL_CONVERSION = YES;
				CLANG_WARN_COMMA = YES;
				CLANG_WARN_CONSTANT_CONVERSION = YES;
				CLANG_WARN_DEPRECATED_OBJC_IMPLEMENTATIONS = YES;
				CLANG_WARN_DIRECT_OBJC_ISA_USAGE = YES_ERROR;
				CLANG_WARN_DOCUMENTATION_COMMENTS = YES;
				CLANG_WARN_EMPTY_BODY = YES;
				CLANG_WARN_ENUM_CONVERSION = YES;
				CLANG_WARN_INFINITE_RECURSION = YES;
				CLANG_WARN_INT_CONVERSION = YES;
				CLANG_WARN_NON_LITERAL_NULL_CONVERSION = YES;
				CLANG_WARN_OBJC_IMPLICIT_RETAIN_SELF = YES;
				CLANG_WARN_OBJC_LITERAL_CONVERSION = YES;
				CLANG_WARN_OBJC_ROOT_CLASS = YES_ERROR;
				CLANG_WARN_QUOTED_INCLUDE_IN_FRAMEWORK_HEADER = YES;
				CLANG_WARN_RANGE_LOOP_ANALYSIS = YES;
				CLANG_WARN_STRICT_PROTOTYPES = YES;
				CLANG_WARN_SUSPICIOUS_MOVE = YES;
				CLANG_WARN_UNGUARDED_AVAILABILITY = YES_AGGRESSIVE;
				CLANG_WARN_UNREACHABLE_CODE = YES;
				CLANG_WARN__DUPLICATE_METHOD_MATCH = YES;
				COPY_PHASE_STRIP = NO;
				DEBUG_INFORMATION_FORMAT = dwarf;
				ENABLE_STRICT_OBJC_MSGSEND = YES;
				ENABLE_TESTABILITY = YES;
				GCC_C_LANGUAGE_STANDARD = gnu11;
				GCC_DYNAMIC_NO_PIC = NO;
				GCC_NO_COMMON_BLOCKS = YES;
				GCC_OPTIMIZATION_LEVEL = 0;
				GCC_PREPROCESSOR_DEFINITIONS = (
					"DEBUG=1",
					"$(inherited)",
				);
				GCC_WARN_64_TO_32_BIT_CONVERSION = YES;
				GCC_WARN_ABOUT_RETURN_TYPE = YES_ERROR;
				GCC_WARN_UNDECLARED_SELECTOR = YES;
				GCC_WARN_UNINITIALIZED_AUTOS = YES_AGGRESSIVE;
				GCC_WARN_UNUSED_FUNCTION = YES;
				GCC_WARN_UNUSED_VARIABLE = YES;
				IPHONEOS_DEPLOYMENT_TARGET = 15.4;
				MTL_ENABLE_DEBUG_INFO = INCLUDE_SOURCE;
				MTL_FAST_MATH = YES;
				ONLY_ACTIVE_ARCH = YES;
				SDKROOT = iphoneos;
				SWIFT_ACTIVE_COMPILATION_CONDITIONS = DEBUG;
				SWIFT_OPTIMIZATION_LEVEL = "-Onone";
			};
			name = Debug;
		};
		D0FA12D4281A254A0044405E /* Release */ = {
			isa = XCBuildConfiguration;
			buildSettings = {
				ALWAYS_SEARCH_USER_PATHS = NO;
				CLANG_ANALYZER_NONNULL = YES;
				CLANG_ANALYZER_NUMBER_OBJECT_CONVERSION = YES_AGGRESSIVE;
				CLANG_CXX_LANGUAGE_STANDARD = "gnu++17";
				CLANG_ENABLE_MODULES = YES;
				CLANG_ENABLE_OBJC_ARC = YES;
				CLANG_ENABLE_OBJC_WEAK = YES;
				CLANG_WARN_BLOCK_CAPTURE_AUTORELEASING = YES;
				CLANG_WARN_BOOL_CONVERSION = YES;
				CLANG_WARN_COMMA = YES;
				CLANG_WARN_CONSTANT_CONVERSION = YES;
				CLANG_WARN_DEPRECATED_OBJC_IMPLEMENTATIONS = YES;
				CLANG_WARN_DIRECT_OBJC_ISA_USAGE = YES_ERROR;
				CLANG_WARN_DOCUMENTATION_COMMENTS = YES;
				CLANG_WARN_EMPTY_BODY = YES;
				CLANG_WARN_ENUM_CONVERSION = YES;
				CLANG_WARN_INFINITE_RECURSION = YES;
				CLANG_WARN_INT_CONVERSION = YES;
				CLANG_WARN_NON_LITERAL_NULL_CONVERSION = YES;
				CLANG_WARN_OBJC_IMPLICIT_RETAIN_SELF = YES;
				CLANG_WARN_OBJC_LITERAL_CONVERSION = YES;
				CLANG_WARN_OBJC_ROOT_CLASS = YES_ERROR;
				CLANG_WARN_QUOTED_INCLUDE_IN_FRAMEWORK_HEADER = YES;
				CLANG_WARN_RANGE_LOOP_ANALYSIS = YES;
				CLANG_WARN_STRICT_PROTOTYPES = YES;
				CLANG_WARN_SUSPICIOUS_MOVE = YES;
				CLANG_WARN_UNGUARDED_AVAILABILITY = YES_AGGRESSIVE;
				CLANG_WARN_UNREACHABLE_CODE = YES;
				CLANG_WARN__DUPLICATE_METHOD_MATCH = YES;
				COPY_PHASE_STRIP = NO;
				DEBUG_INFORMATION_FORMAT = "dwarf-with-dsym";
				ENABLE_NS_ASSERTIONS = NO;
				ENABLE_STRICT_OBJC_MSGSEND = YES;
				GCC_C_LANGUAGE_STANDARD = gnu11;
				GCC_NO_COMMON_BLOCKS = YES;
				GCC_WARN_64_TO_32_BIT_CONVERSION = YES;
				GCC_WARN_ABOUT_RETURN_TYPE = YES_ERROR;
				GCC_WARN_UNDECLARED_SELECTOR = YES;
				GCC_WARN_UNINITIALIZED_AUTOS = YES_AGGRESSIVE;
				GCC_WARN_UNUSED_FUNCTION = YES;
				GCC_WARN_UNUSED_VARIABLE = YES;
				IPHONEOS_DEPLOYMENT_TARGET = 15.4;
				MTL_ENABLE_DEBUG_INFO = NO;
				MTL_FAST_MATH = YES;
				SDKROOT = iphoneos;
				SWIFT_COMPILATION_MODE = wholemodule;
				SWIFT_OPTIMIZATION_LEVEL = "-O";
				VALIDATE_PRODUCT = YES;
			};
			name = Release;
		};
		D0FA12D6281A254A0044405E /* Debug */ = {
			isa = XCBuildConfiguration;
			buildSettings = {
				ASSETCATALOG_COMPILER_APPICON_NAME = AppIcon;
				ASSETCATALOG_COMPILER_GLOBAL_ACCENT_COLOR_NAME = AccentColor;
				CODE_SIGN_STYLE = Automatic;
				CURRENT_PROJECT_VERSION = 1;
				DEVELOPMENT_TEAM = TZU8B8KAN4;
				GENERATE_INFOPLIST_FILE = YES;
				INFOPLIST_FILE = "E-commerceMac/Info.plist";
				INFOPLIST_KEY_UIApplicationSupportsIndirectInputEvents = YES;
				INFOPLIST_KEY_UILaunchStoryboardName = LaunchScreen;
				INFOPLIST_KEY_UIMainStoryboardFile = Main;
				INFOPLIST_KEY_UISupportedInterfaceOrientations_iPad = "UIInterfaceOrientationPortrait UIInterfaceOrientationPortraitUpsideDown UIInterfaceOrientationLandscapeLeft UIInterfaceOrientationLandscapeRight";
				INFOPLIST_KEY_UISupportedInterfaceOrientations_iPhone = "UIInterfaceOrientationPortrait UIInterfaceOrientationLandscapeLeft UIInterfaceOrientationLandscapeRight";
				LD_RUNPATH_SEARCH_PATHS = (
					"$(inherited)",
					"@executable_path/Frameworks",
				);
				MARKETING_VERSION = 1.0;
				PRODUCT_BUNDLE_IDENTIFIER = "com.mayra.E-commerceMac";
				PRODUCT_NAME = "$(TARGET_NAME)";
				SWIFT_EMIT_LOC_STRINGS = YES;
				SWIFT_VERSION = 5.0;
				TARGETED_DEVICE_FAMILY = "1,2";
			};
			name = Debug;
		};
		D0FA12D7281A254A0044405E /* Release */ = {
			isa = XCBuildConfiguration;
			buildSettings = {
				ASSETCATALOG_COMPILER_APPICON_NAME = AppIcon;
				ASSETCATALOG_COMPILER_GLOBAL_ACCENT_COLOR_NAME = AccentColor;
				CODE_SIGN_STYLE = Automatic;
				CURRENT_PROJECT_VERSION = 1;
				DEVELOPMENT_TEAM = TZU8B8KAN4;
				GENERATE_INFOPLIST_FILE = YES;
				INFOPLIST_FILE = "E-commerceMac/Info.plist";
				INFOPLIST_KEY_UIApplicationSupportsIndirectInputEvents = YES;
				INFOPLIST_KEY_UILaunchStoryboardName = LaunchScreen;
				INFOPLIST_KEY_UIMainStoryboardFile = Main;
				INFOPLIST_KEY_UISupportedInterfaceOrientations_iPad = "UIInterfaceOrientationPortrait UIInterfaceOrientationPortraitUpsideDown UIInterfaceOrientationLandscapeLeft UIInterfaceOrientationLandscapeRight";
				INFOPLIST_KEY_UISupportedInterfaceOrientations_iPhone = "UIInterfaceOrientationPortrait UIInterfaceOrientationLandscapeLeft UIInterfaceOrientationLandscapeRight";
				LD_RUNPATH_SEARCH_PATHS = (
					"$(inherited)",
					"@executable_path/Frameworks",
				);
				MARKETING_VERSION = 1.0;
				PRODUCT_BUNDLE_IDENTIFIER = "com.mayra.E-commerceMac";
				PRODUCT_NAME = "$(TARGET_NAME)";
				SWIFT_EMIT_LOC_STRINGS = YES;
				SWIFT_VERSION = 5.0;
				TARGETED_DEVICE_FAMILY = "1,2";
			};
			name = Release;
		};
/* End XCBuildConfiguration section */

/* Begin XCConfigurationList section */
		D0FA12B9281A25470044405E /* Build configuration list for PBXProject "E-commerceMac" */ = {
			isa = XCConfigurationList;
			buildConfigurations = (
				D0FA12D3281A254A0044405E /* Debug */,
				D0FA12D4281A254A0044405E /* Release */,
			);
			defaultConfigurationIsVisible = 0;
			defaultConfigurationName = Release;
		};
		D0FA12D5281A254A0044405E /* Build configuration list for PBXNativeTarget "E-commerceMac" */ = {
			isa = XCConfigurationList;
			buildConfigurations = (
				D0FA12D6281A254A0044405E /* Debug */,
				D0FA12D7281A254A0044405E /* Release */,
			);
			defaultConfigurationIsVisible = 0;
			defaultConfigurationName = Release;
		};
/* End XCConfigurationList section */

/* Begin XCVersionGroup section */
		D0FA12CA281A25480044405E /* E_commerceMac.xcdatamodeld */ = {
			isa = XCVersionGroup;
			children = (
				D0FA12CB281A25480044405E /* E_commerceMac.xcdatamodel */,
			);
			currentVersion = D0FA12CB281A25480044405E /* E_commerceMac.xcdatamodel */;
			path = E_commerceMac.xcdatamodeld;
			sourceTree = "<group>";
			versionGroupType = wrapper.xcdatamodel;
		};
/* End XCVersionGroup section */
	};
	rootObject = D0FA12B6281A25470044405E /* Project object */;
}
